
Microsoft Visual Studio Solution File, Format Version 12.00
# Visual Studio Version 17
VisualStudioVersion = 17.9.34728.123
MinimumVisualStudioVersion = 10.0.40219.1
Project("{FAE04EC0-301F-11D3-BF4B-00C04F79EFBC}") = "Bookstore", "Bookstore\Bookstore.csproj", "{97FEF657-9D33-469A-88A0-00CC9BF08454}"
EndProject
Global
	GlobalSection(SolutionConfigurationPlatforms) = preSolution
		Debug|Any CPU = Debug|Any CPU
		Release|Any CPU = Release|Any CPU
	EndGlobalSection
	GlobalSection(ProjectConfigurationPlatforms) = postSolution
		{97FEF657-9D33-469A-88A0-00CC9BF08454}.Debug|Any CPU.ActiveCfg = Debug|Any CPU
		{97FEF657-9D33-469A-88A0-00CC9BF08454}.Debug|Any CPU.Build.0 = Debug|Any CPU
		{97FEF657-9D33-469A-88A0-00CC9BF08454}.Release|Any CPU.ActiveCfg = Release|Any CPU
		{97FEF657-9D33-469A-88A0-00CC9BF08454}.Release|Any CPU.Build.0 = Release|Any CPU
	EndGlobalSection
	GlobalSection(SolutionProperties) = preSolution
		HideSolutionNode = FALSE
	EndGlobalSection
	GlobalSection(ExtensibilityGlobals) = postSolution
		SolutionGuid = {52261687-22EB-418B-9D4F-563457FDD6E3}
	EndGlobalSection
EndGlobal
